
Microsoft Visual Studio Solution File, Format Version 12.00
# Visual Studio Version 17
VisualStudioVersion = 17.7.34018.315
MinimumVisualStudioVersion = 10.0.40219.1
Project("{FAE04EC0-301F-11D3-BF4B-00C04F79EFBC}") = "ListorUppgift3", "ListorUppgift3\ListorUppgift3.csproj", "{BF03A600-4908-4635-9E25-50BC71376A66}"
EndProject
Global
	GlobalSection(SolutionConfigurationPlatforms) = preSolution
		Debug|Any CPU = Debug|Any CPU
		Release|Any CPU = Release|Any CPU
	EndGlobalSection
	GlobalSection(ProjectConfigurationPlatforms) = postSolution
		{BF03A600-4908-4635-9E25-50BC71376A66}.Debug|Any CPU.ActiveCfg = Debug|Any CPU
		{BF03A600-4908-4635-9E25-50BC71376A66}.Debug|Any CPU.Build.0 = Debug|Any CPU
		{BF03A600-4908-4635-9E25-50BC71376A66}.Release|Any CPU.ActiveCfg = Release|Any CPU
		{BF03A600-4908-4635-9E25-50BC71376A66}.Release|Any CPU.Build.0 = Release|Any CPU
	EndGlobalSection
	GlobalSection(SolutionProperties) = preSolution
		HideSolutionNode = FALSE
	EndGlobalSection
	GlobalSection(ExtensibilityGlobals) = postSolution
		SolutionGuid = {66ECD24A-AEFE-41A5-AD60-5FC61047F2E1}
	EndGlobalSection
EndGlobal
